// !$*UTF8*$!
{
	archiveVersion = 1;
	classes = {
	};
	objectVersion = 46;
	objects = {

/* Begin PBXBuildFile section */
		6BBD42651F6A292400269312 /* main.m in Sources */ = {isa = PBXBuildFile; fileRef = 6BBD42641F6A292400269312 /* main.m */; };
		6BBD42681F6A292400269312 /* AppDelegate.m in Sources */ = {isa = PBXBuildFile; fileRef = 6BBD42671F6A292400269312 /* AppDelegate.m */; };
		6BBD426B1F6A292400269312 /* ViewController.m in Sources */ = {isa = PBXBuildFile; fileRef = 6BBD426A1F6A292400269312 /* ViewController.m */; };
		6BBD426E1F6A292400269312 /* Main.storyboard in Resources */ = {isa = PBXBuildFile; fileRef = 6BBD426C1F6A292400269312 /* Main.storyboard */; };
		6BBD42701F6A292400269312 /* Assets.xcassets in Resources */ = {isa = PBXBuildFile; fileRef = 6BBD426F1F6A292400269312 /* Assets.xcassets */; };
		6BBD42731F6A292400269312 /* LaunchScreen.storyboard in Resources */ = {isa = PBXBuildFile; fileRef = 6BBD42711F6A292400269312 /* LaunchScreen.storyboard */; };
		6BBD427C1F6A2AB900269312 /* LLSpeechController.m in Sources */ = {isa = PBXBuildFile; fileRef = 6BBD427B1F6A2AB900269312 /* LLSpeechController.m */; };
		6BBD427F1F6A2FFB00269312 /* LLSpeechConfiguration.m in Sources */ = {isa = PBXBuildFile; fileRef = 6BBD427E1F6A2FFB00269312 /* LLSpeechConfiguration.m */; };
/* End PBXBuildFile section */

/* Begin PBXFileReference section */
		6BBD42601F6A292400269312 /* DMAVSpeech.app */ = {isa = PBXFileReference; explicitFileType = wrapper.application; includeInIndex = 0; path = DMAVSpeech.app; sourceTree = BUILT_PRODUCTS_DIR; };
		6BBD42641F6A292400269312 /* main.m */ = {isa = PBXFileReference; lastKnownFileType = sourcecode.c.objc; path = main.m; sourceTree = "<group>"; };
		6BBD42661F6A292400269312 /* AppDelegate.h */ = {isa = PBXFileReference; lastKnownFileType = sourcecode.c.h; path = AppDelegate.h; sourceTree = "<group>"; };
		6BBD42671F6A292400269312 /* AppDelegate.m */ = {isa = PBXFileReference; lastKnownFileType = sourcecode.c.objc; path = AppDelegate.m; sourceTree = "<group>"; };
		6BBD42691F6A292400269312 /* ViewController.h */ = {isa = PBXFileReference; lastKnownFileType = sourcecode.c.h; path = ViewController.h; sourceTree = "<group>"; };
		6BBD426A1F6A292400269312 /* ViewController.m */ = {isa = PBXFileReference; lastKnownFileType = sourcecode.c.objc; path = ViewController.m; sourceTree = "<group>"; };
		6BBD426D1F6A292400269312 /* Base */ = {isa = PBXFileReference; lastKnownFileType = file.storyboard; name = Base; path = Base.lproj/Main.storyboard; sourceTree = "<group>"; };
		6BBD426F1F6A292400269312 /* Assets.xcassets */ = {isa = PBXFileReference; lastKnownFileType = folder.assetcatalog; path = Assets.xcassets; sourceTree = "<group>"; };
		6BBD42721F6A292400269312 /* Base */ = {isa = PBXFileReference; lastKnownFileType = file.storyboard; name = Base; path = Base.lproj/LaunchScreen.storyboard; sourceTree = "<group>"; };
		6BBD42741F6A292400269312 /* Info.plist */ = {isa = PBXFileReference; lastKnownFileType = text.plist.xml; path = Info.plist; sourceTree = "<group>"; };
		6BBD427A1F6A2AB900269312 /* LLSpeechController.h */ = {isa = PBXFileReference; fileEncoding = 4; lastKnownFileType = sourcecode.c.h; path = LLSpeechController.h; sourceTree = "<group>"; };
		6BBD427B1F6A2AB900269312 /* LLSpeechController.m */ = {isa = PBXFileReference; fileEncoding = 4; lastKnownFileType = sourcecode.c.objc; path = LLSpeechController.m; sourceTree = "<group>"; };
		6BBD427D1F6A2FFB00269312 /* LLSpeechConfiguration.h */ = {isa = PBXFileReference; fileEncoding = 4; lastKnownFileType = sourcecode.c.h; path = LLSpeechConfiguration.h; sourceTree = "<group>"; };
		6BBD427E1F6A2FFB00269312 /* LLSpeechConfiguration.m */ = {isa = PBXFileReference; fileEncoding = 4; lastKnownFileType = sourcecode.c.objc; path = LLSpeechConfiguration.m; sourceTree = "<group>"; };
/* End PBXFileReference section */

/* Begin PBXFrameworksBuildPhase section */
		6BBD425D1F6A292400269312 /* Frameworks */ = {
			isa = PBXFrameworksBuildPhase;
			buildActionMask = 2147483647;
			files = (
			);
			runOnlyForDeploymentPostprocessing = 0;
		};
/* End PBXFrameworksBuildPhase section */

/* Begin PBXGroup section */
		6BBD42571F6A292400269312 = {
			isa = PBXGroup;
			children = (
				6BBD42621F6A292400269312 /* DMAVSpeech */,
				6BBD42611F6A292400269312 /* Products */,
			);
			sourceTree = "<group>";
		};
		6BBD42611F6A292400269312 /* Products */ = {
			isa = PBXGroup;
			children = (
				6BBD42601F6A292400269312 /* DMAVSpeech.app */,
			);
			name = Products;
			sourceTree = "<group>";
		};
		6BBD42621F6A292400269312 /* DMAVSpeech */ = {
			isa = PBXGroup;
			children = (
				6BBD42661F6A292400269312 /* AppDelegate.h */,
				6BBD42671F6A292400269312 /* AppDelegate.m */,
				6BBD42691F6A292400269312 /* ViewController.h */,
				6BBD426A1F6A292400269312 /* ViewController.m */,
				6BBD427A1F6A2AB900269312 /* LLSpeechController.h */,
				6BBD427B1F6A2AB900269312 /* LLSpeechController.m */,
				6BBD427D1F6A2FFB00269312 /* LLSpeechConfiguration.h */,
				6BBD427E1F6A2FFB00269312 /* LLSpeechConfiguration.m */,
				6BBD426C1F6A292400269312 /* Main.storyboard */,
				6BBD426F1F6A292400269312 /* Assets.xcassets */,
				6BBD42711F6A292400269312 /* LaunchScreen.storyboard */,
				6BBD42741F6A292400269312 /* Info.plist */,
				6BBD42631F6A292400269312 /* Supporting Files */,
			);
			path = DMAVSpeech;
			sourceTree = "<group>";
		};
		6BBD42631F6A292400269312 /* Supporting Files */ = {
			isa = PBXGroup;
			children = (
				6BBD42641F6A292400269312 /* main.m */,
			);
			name = "Supporting Files";
			sourceTree = "<group>";
		};
/* End PBXGroup section */

/* Begin PBXNativeTarget section */
		6BBD425F1F6A292400269312 /* DMAVSpeech */ = {
			isa = PBXNativeTarget;
			buildConfigurationList = 6BBD42771F6A292400269312 /* Build configuration list for PBXNativeTarget "DMAVSpeech" */;
			buildPhases = (
				6BBD425C1F6A292400269312 /* Sources */,
				6BBD425D1F6A292400269312 /* Frameworks */,
				6BBD425E1F6A292400269312 /* Resources */,
			);
			buildRules = (
			);
			dependencies = (
			);
			name = DMAVSpeech;
			productName = DMAVSpeech;
			productReference = 6BBD42601F6A292400269312 /* DMAVSpeech.app */;
			productType = "com.apple.product-type.application";
		};
/* End PBXNativeTarget section */

/* Begin PBXProject section */
		6BBD42581F6A292400269312 /* Project object */ = {
			isa = PBXProject;
			attributes = {
				LastUpgradeCheck = 0830;
				ORGANIZATIONNAME = lbq;
				TargetAttributes = {
					6BBD425F1F6A292400269312 = {
						CreatedOnToolsVersion = 8.3.1;
						DevelopmentTeam = XWNPFKK4U5;
						ProvisioningStyle = Manual;
					};
				};
			};
			buildConfigurationList = 6BBD425B1F6A292400269312 /* Build configuration list for PBXProject "DMAVSpeech" */;
			compatibilityVersion = "Xcode 3.2";
			developmentRegion = English;
			hasScannedForEncodings = 0;
			knownRegions = (
				en,
				Base,
			);
			mainGroup = 6BBD42571F6A292400269312;
			productRefGroup = 6BBD42611F6A292400269312 /* Products */;
			projectDirPath = "";
			projectRoot = "";
			targets = (
				6BBD425F1F6A292400269312 /* DMAVSpeech */,
			);
		};
/* End PBXProject section */

/* Begin PBXResourcesBuildPhase section */
		6BBD425E1F6A292400269312 /* Resources */ = {
			isa = PBXResourcesBuildPhase;
			buildActionMask = 2147483647;
			files = (
				6BBD42731F6A292400269312 /* LaunchScreen.storyboard in Resources */,
				6BBD42701F6A292400269312 /* Assets.xcassets in Resources */,
				6BBD426E1F6A292400269312 /* Main.storyboard in Resources */,
			);
			runOnlyForDeploymentPostprocessing = 0;
		};
/* End PBXResourcesBuildPhase section */

/* Begin PBXSourcesBuildPhase section */
		6BBD425C1F6A292400269312 /* Sources */ = {
			isa = PBXSourcesBuildPhase;
			buildActionMask = 2147483647;
			files = (
				6BBD426B1F6A292400269312 /* ViewController.m in Sources */,
				6BBD42681F6A292400269312 /* AppDelegate.m in Sources */,
				6BBD427F1F6A2FFB00269312 /* LLSpeechConfiguration.m in Sources */,
				6BBD42651F6A292400269312 /* main.m in Sources */,
				6BBD427C1F6A2AB900269312 /* LLSpeechController.m in Sources */,
			);
			runOnlyForDeploymentPostprocessing = 0;
		};
/* End PBXSourcesBuildPhase section */

/* Begin PBXVariantGroup section */
		6BBD426C1F6A292400269312 /* Main.storyboard */ = {
			isa = PBXVariantGroup;
			children = (
				6BBD426D1F6A292400269312 /* Base */,
			);
			name = Main.storyboard;
			sourceTree = "<group>";
		};
		6BBD42711F6A292400269312 /* LaunchScreen.storyboard */ = {
			isa = PBXVariantGroup;
			children = (
				6BBD42721F6A292400269312 /* Base */,
			);
			name = LaunchScreen.storyboard;
			sourceTree = "<group>";
		};
/* End PBXVariantGroup section */

/* Begin XCBuildConfiguration section */
		6BBD42751F6A292400269312 /* Debug */ = {
			isa = XCBuildConfiguration;
			buildSettings = {
				ALWAYS_SEARCH_USER_PATHS = NO;
				CLANG_ANALYZER_NONNULL = YES;
				CLANG_ANALYZER_NUMBER_OBJECT_CONVERSION = YES_AGGRESSIVE;
				CLANG_CXX_LANGUAGE_STANDARD = "gnu++0x";
				CLANG_CXX_LIBRARY = "libc++";
				CLANG_ENABLE_MODULES = YES;
				CLANG_ENABLE_OBJC_ARC = YES;
				CLANG_WARN_BOOL_CONVERSION = YES;
				CLANG_WARN_CONSTANT_CONVERSION = YES;
				CLANG_WARN_DIRECT_OBJC_ISA_USAGE = YES_ERROR;
				CLANG_WARN_DOCUMENTATION_COMMENTS = YES;
				CLANG_WARN_EMPTY_BODY = YES;
				CLANG_WARN_ENUM_CONVERSION = YES;
				CLANG_WARN_INFINITE_RECURSION = YES;
				CLANG_WARN_INT_CONVERSION = YES;
				CLANG_WARN_OBJC_ROOT_CLASS = YES_ERROR;
				CLANG_WARN_SUSPICIOUS_MOVE = YES;
				CLANG_WARN_UNREACHABLE_CODE = YES;
				CLANG_WARN__DUPLICATE_METHOD_MATCH = YES;
				"CODE_SIGN_IDENTITY[sdk=iphoneos*]" = "iPhone Developer";
				COPY_PHASE_STRIP = NO;
				DEBUG_INFORMATION_FORMAT = dwarf;
				ENABLE_STRICT_OBJC_MSGSEND = YES;
				ENABLE_TESTABILITY = YES;
				GCC_C_LANGUAGE_STANDARD = gnu99;
				GCC_DYNAMIC_NO_PIC = NO;
				GCC_NO_COMMON_BLOCKS = YES;
				GCC_OPTIMIZATION_LEVEL = 0;
				GCC_PREPROCESSOR_DEFINITIONS = (
					"DEBUG=1",
					"$(inherited)",
				);
				GCC_WARN_64_TO_32_BIT_CONVERSION = YES;
				GCC_WARN_ABOUT_RETURN_TYPE = YES_ERROR;
				GCC_WARN_UNDECLARED_SELECTOR = YES;
				GCC_WARN_UNINITIALIZED_AUTOS = YES_AGGRESSIVE;
				GCC_WARN_UNUSED_FUNCTION = YES;
				GCC_WARN_UNUSED_VARIABLE = YES;
				IPHONEOS_DEPLOYMENT_TARGET = 10.3;
				MTL_ENABLE_DEBUG_INFO = YES;
				ONLY_ACTIVE_ARCH = YES;
				SDKROOT = iphoneos;
				TARGETED_DEVICE_FAMILY = "1,2";
			};
			name = Debug;
		};
		6BBD42761F6A292400269312 /* Release */ = {
			isa = XCBuildConfiguration;
			buildSettings = {
				ALWAYS_SEARCH_USER_PATHS = NO;
				CLANG_ANALYZER_NONNULL = YES;
				CLANG_ANALYZER_NUMBER_OBJECT_CONVERSION = YES_AGGRESSIVE;
				CLANG_CXX_LANGUAGE_STANDARD = "gnu++0x";
				CLANG_CXX_LIBRARY = "libc++";
				CLANG_ENABLE_MODULES = YES;
				CLANG_ENABLE_OBJC_ARC = YES;
				CLANG_WARN_BOOL_CONVERSION = YES;
				CLANG_WARN_CONSTANT_CONVERSION = YES;
				CLANG_WARN_DIRECT_OBJC_ISA_USAGE = YES_ERROR;
				CLANG_WARN_DOCUMENTATION_COMMENTS = YES;
				CLANG_WARN_EMPTY_BODY = YES;
				CLANG_WARN_ENUM_CONVERSION = YES;
				CLANG_WARN_INFINITE_RECURSION = YES;
				CLANG_WARN_INT_CONVERSION = YES;
				CLANG_WARN_OBJC_ROOT_CLASS = YES_ERROR;
				CLANG_WARN_SUSPICIOUS_MOVE = YES;
				CLANG_WARN_UNREACHABLE_CODE = YES;
				CLANG_WARN__DUPLICATE_METHOD_MATCH = YES;
				"CODE_SIGN_IDENTITY[sdk=iphoneos*]" = "iPhone Developer";
				COPY_PHASE_STRIP = NO;
				DEBUG_INFORMATION_FORMAT = "dwarf-with-dsym";
				ENABLE_NS_ASSERTIONS = NO;
				ENABLE_STRICT_OBJC_MSGSEND = YES;
				GCC_C_LANGUAGE_STANDARD = gnu99;
				GCC_NO_COMMON_BLOCKS = YES;
				GCC_WARN_64_TO_32_BIT_CONVERSION = YES;
				GCC_WARN_ABOUT_RETURN_TYPE = YES_ERROR;
				GCC_WARN_UNDECLARED_SELECTOR = YES;
				GCC_WARN_UNINITIALIZED_AUTOS = YES_AGGRESSIVE;
				GCC_WARN_UNUSED_FUNCTION = YES;
				GCC_WARN_UNUSED_VARIABLE = YES;
				IPHONEOS_DEPLOYMENT_TARGET = 10.3;
				MTL_ENABLE_DEBUG_INFO = NO;
				SDKROOT = iphoneos;
				TARGETED_DEVICE_FAMILY = "1,2";
				VALIDATE_PRODUCT = YES;
			};
			name = Release;
		};
		6BBD42781F6A292400269312 /* Debug */ = {
			isa = XCBuildConfiguration;
			buildSettings = {
				ASSETCATALOG_COMPILER_APPICON_NAME = AppIcon;
				DEVELOPMENT_TEAM = XWNPFKK4U5;
				INFOPLIST_FILE = DMAVSpeech/Info.plist;
				IPHONEOS_DEPLOYMENT_TARGET = 8.0;
				LD_RUNPATH_SEARCH_PATHS = "$(inherited) @executable_path/Frameworks";
				PRODUCT_BUNDLE_IDENTIFIER = com.yiqi.DMAVSpeech;
				PRODUCT_NAME = "$(TARGET_NAME)";
				PROVISIONING_PROFILE = "4f9bfc4e-65c9-412b-b093-4a8ba62257a1";
				PROVISIONING_PROFILE_SPECIFIER = all_20161011;
			};
			name = Debug;
		};
		6BBD42791F6A292400269312 /* Release */ = {
			isa = XCBuildConfiguration;
			buildSettings = {
				ASSETCATALOG_COMPILER_APPICON_NAME = AppIcon;
				DEVELOPMENT_TEAM = "";
				INFOPLIST_FILE = DMAVSpeech/Info.plist;
				IPHONEOS_DEPLOYMENT_TARGET = 8.0;
				LD_RUNPATH_SEARCH_PATHS = "$(inherited) @executable_path/Frameworks";
				PRODUCT_BUNDLE_IDENTIFIER = com.yiqi.DMAVSpeech;
				PRODUCT_NAME = "$(TARGET_NAME)";
				PROVISIONING_PROFILE_SPECIFIER = "";
			};
			name = Release;
		};
/* End XCBuildConfiguration section */

/* Begin XCConfigurationList section */
		6BBD425B1F6A292400269312 /* Build configuration list for PBXProject "DMAVSpeech" */ = {
			isa = XCConfigurationList;
			buildConfigurations = (
				6BBD42751F6A292400269312 /* Debug */,
				6BBD42761F6A292400269312 /* Release */,
			);
			defaultConfigurationIsVisible = 0;
			defaultConfigurationName = Release;
		};
		6BBD42771F6A292400269312 /* Build configuration list for PBXNativeTarget "DMAVSpeech" */ = {
			isa = XCConfigurationList;
			buildConfigurations = (
				6BBD42781F6A292400269312 /* Debug */,
				6BBD42791F6A292400269312 /* Release */,
			);
			defaultConfigurationIsVisible = 0;
		};
/* End XCConfigurationList section */
	};
	rootObject = 6BBD42581F6A292400269312 /* Project object */;
}
